// !$*UTF8*$!
{
	archiveVersion = 1;
	classes = {
	};
	objectVersion = 55;
	objects = {

/* Begin PBXBuildFile section */
		04F79350274E586100A3D42F /* Closures.swift in Sources */ = {isa = PBXBuildFile; fileRef = 04F7934F274E586100A3D42F /* Closures.swift */; };
/* End PBXBuildFile section */

/* Begin PBXCopyFilesBuildPhase section */
		04F7934A274E586100A3D42F /* CopyFiles */ = {
			isa = PBXCopyFilesBuildPhase;
			buildActionMask = 2147483647;
			dstPath = /usr/share/man/man1/;
			dstSubfolderSpec = 0;
			files = (
			);
			runOnlyForDeploymentPostprocessing = 1;
		};
/* End PBXCopyFilesBuildPhase section */

/* Begin PBXFileReference section */
		04B095162750DC8E001C6132 /* ViewModel.swift */ = {isa = PBXFileReference; lastKnownFileType = sourcecode.swift; path = ViewModel.swift; sourceTree = "<group>"; };
		04B095172750DC8E001C6132 /* Assets.xcassets */ = {isa = PBXFileReference; lastKnownFileType = folder.assetcatalog; path = Assets.xcassets; sourceTree = "<group>"; };
		04B095192750DC8E001C6132 /* Base */ = {isa = PBXFileReference; lastKnownFileType = file.storyboard; name = Base; path = Base.lproj/LaunchScreen.storyboard; sourceTree = "<group>"; };
		04B0951B2750DC8E001C6132 /* Base */ = {isa = PBXFileReference; lastKnownFileType = file.storyboard; name = Base; path = Base.lproj/Main.storyboard; sourceTree = "<group>"; };
		04B0951D2750DC8E001C6132 /* CustomTableViewCell.xib */ = {isa = PBXFileReference; lastKnownFileType = file.xib; path = CustomTableViewCell.xib; sourceTree = "<group>"; };
		04B0951E2750DC8E001C6132 /* CustomTableViewCell.swift */ = {isa = PBXFileReference; lastKnownFileType = sourcecode.swift; path = CustomTableViewCell.swift; sourceTree = "<group>"; };
		04B095202750DC8E001C6132 /* Data.swift */ = {isa = PBXFileReference; lastKnownFileType = sourcecode.swift; path = Data.swift; sourceTree = "<group>"; };
		04B095212750DC8E001C6132 /* CustomCellViewModel.swift */ = {isa = PBXFileReference; lastKnownFileType = sourcecode.swift; path = CustomCellViewModel.swift; sourceTree = "<group>"; };
		04B095232750DC8E001C6132 /* ViewController.swift */ = {isa = PBXFileReference; lastKnownFileType = sourcecode.swift; path = ViewController.swift; sourceTree = "<group>"; };
		04B095242750DC8E001C6132 /* AppDelegate.swift */ = {isa = PBXFileReference; lastKnownFileType = sourcecode.swift; path = AppDelegate.swift; sourceTree = "<group>"; };
		04B095252750DC8E001C6132 /* Info.plist */ = {isa = PBXFileReference; lastKnownFileType = text.plist.xml; path = Info.plist; sourceTree = "<group>"; };
		04B095262750DC8E001C6132 /* SceneDelegate.swift */ = {isa = PBXFileReference; lastKnownFileType = sourcecode.swift; path = SceneDelegate.swift; sourceTree = "<group>"; };
		04F7934C274E586100A3D42F /* LanguageTraining */ = {isa = PBXFileReference; explicitFileType = "compiled.mach-o.executable"; includeInIndex = 0; path = LanguageTraining; sourceTree = BUILT_PRODUCTS_DIR; };
		04F7934F274E586100A3D42F /* Closures.swift */ = {isa = PBXFileReference; lastKnownFileType = sourcecode.swift; path = Closures.swift; sourceTree = "<group>"; };
/* End PBXFileReference section */

/* Begin PBXFrameworksBuildPhase section */
		04F79349274E586100A3D42F /* Frameworks */ = {
			isa = PBXFrameworksBuildPhase;
			buildActionMask = 2147483647;
			files = (
			);
			runOnlyForDeploymentPostprocessing = 0;
		};
/* End PBXFrameworksBuildPhase section */

/* Begin PBXGroup section */
		04B095142750DC8E001C6132 /* didSet test */ = {
			isa = PBXGroup;
			children = (
				04B095152750DC8E001C6132 /* ViewModel */,
				04B095172750DC8E001C6132 /* Assets.xcassets */,
				04B095182750DC8E001C6132 /* LaunchScreen.storyboard */,
				04B0951A2750DC8E001C6132 /* Main.storyboard */,
				04B0951C2750DC8E001C6132 /* CustomViews */,
				04B0951F2750DC8E001C6132 /* Model */,
				04B095222750DC8E001C6132 /* View */,
				04B095242750DC8E001C6132 /* AppDelegate.swift */,
				04B095252750DC8E001C6132 /* Info.plist */,
				04B095262750DC8E001C6132 /* SceneDelegate.swift */,
			);
			path = "didSet test";
			sourceTree = "<group>";
		};
		04B095152750DC8E001C6132 /* ViewModel */ = {
			isa = PBXGroup;
			children = (
				04B095162750DC8E001C6132 /* ViewModel.swift */,
			);
			path = ViewModel;
			sourceTree = "<group>";
		};
		04B0951C2750DC8E001C6132 /* CustomViews */ = {
			isa = PBXGroup;
			children = (
				04B0951D2750DC8E001C6132 /* CustomTableViewCell.xib */,
				04B0951E2750DC8E001C6132 /* CustomTableViewCell.swift */,
			);
			path = CustomViews;
			sourceTree = "<group>";
		};
		04B0951F2750DC8E001C6132 /* Model */ = {
			isa = PBXGroup;
			children = (
				04B095202750DC8E001C6132 /* Data.swift */,
				04B095212750DC8E001C6132 /* CustomCellViewModel.swift */,
			);
			path = Model;
			sourceTree = "<group>";
		};
		04B095222750DC8E001C6132 /* View */ = {
			isa = PBXGroup;
			children = (
				04B095232750DC8E001C6132 /* ViewController.swift */,
			);
			path = View;
			sourceTree = "<group>";
		};
		04F79343274E586100A3D42F = {
			isa = PBXGroup;
			children = (
				04F7934E274E586100A3D42F /* LanguageTraining */,
				04F7934D274E586100A3D42F /* Products */,
			);
			sourceTree = "<group>";
		};
		04F7934D274E586100A3D42F /* Products */ = {
			isa = PBXGroup;
			children = (
				04F7934C274E586100A3D42F /* LanguageTraining */,
			);
			name = Products;
			sourceTree = "<group>";
		};
		04F7934E274E586100A3D42F /* LanguageTraining */ = {
			isa = PBXGroup;
			children = (
				04F7935D2750DC0D00A3D42F /* New */,
				04F7935C2750DBFF00A3D42F /* Clousers */,
			);
			path = LanguageTraining;
			sourceTree = "<group>";
		};
		04F7935C2750DBFF00A3D42F /* Clousers */ = {
			isa = PBXGroup;
			children = (
				04F7934F274E586100A3D42F /* Closures.swift */,
			);
			path = Clousers;
			sourceTree = "<group>";
		};
		04F7935D2750DC0D00A3D42F /* New */ = {
			isa = PBXGroup;
			children = (
				04B095142750DC8E001C6132 /* didSet test */,
			);
			path = New;
			sourceTree = "<group>";
		};
/* End PBXGroup section */

/* Begin PBXNativeTarget section */
		04F7934B274E586100A3D42F /* LanguageTraining */ = {
			isa = PBXNativeTarget;
			buildConfigurationList = 04F79353274E586100A3D42F /* Build configuration list for PBXNativeTarget "LanguageTraining" */;
			buildPhases = (
				04F79348274E586100A3D42F /* Sources */,
				04F79349274E586100A3D42F /* Frameworks */,
				04F7934A274E586100A3D42F /* CopyFiles */,
			);
			buildRules = (
			);
			dependencies = (
			);
			name = LanguageTraining;
			productName = LanguageTraining;
			productReference = 04F7934C274E586100A3D42F /* LanguageTraining */;
			productType = "com.apple.product-type.tool";
		};
/* End PBXNativeTarget section */

/* Begin PBXProject section */
		04F79344274E586100A3D42F /* Project object */ = {
			isa = PBXProject;
			attributes = {
				BuildIndependentTargetsInParallel = 1;
				LastSwiftUpdateCheck = 1310;
				LastUpgradeCheck = 1310;
				TargetAttributes = {
					04F7934B274E586100A3D42F = {
						CreatedOnToolsVersion = 13.1;
					};
				};
			};
			buildConfigurationList = 04F79347274E586100A3D42F /* Build configuration list for PBXProject "LanguageTraining" */;
			compatibilityVersion = "Xcode 13.0";
			developmentRegion = en;
			hasScannedForEncodings = 0;
			knownRegions = (
				en,
				Base,
			);
			mainGroup = 04F79343274E586100A3D42F;
			productRefGroup = 04F7934D274E586100A3D42F /* Products */;
			projectDirPath = "";
			projectRoot = "";
			targets = (
				04F7934B274E586100A3D42F /* LanguageTraining */,
			);
		};
/* End PBXProject section */

/* Begin PBXSourcesBuildPhase section */
		04F79348274E586100A3D42F /* Sources */ = {
			isa = PBXSourcesBuildPhase;
			buildActionMask = 2147483647;
			files = (
				04F79350274E586100A3D42F /* Closures.swift in Sources */,
			);
			runOnlyForDeploymentPostprocessing = 0;
		};
/* End PBXSourcesBuildPhase section */

/* Begin PBXVariantGroup section */
		04B095182750DC8E001C6132 /* LaunchScreen.storyboard */ = {
			isa = PBXVariantGroup;
			children = (
				04B095192750DC8E001C6132 /* Base */,
			);
			name = LaunchScreen.storyboard;
			sourceTree = "<group>";
		};
		04B0951A2750DC8E001C6132 /* Main.storyboard */ = {
			isa = PBXVariantGroup;
			children = (
				04B0951B2750DC8E001C6132 /* Base */,
			);
			name = Main.storyboard;
			sourceTree = "<group>";
		};
/* End PBXVariantGroup section */

/* Begin XCBuildConfiguration section */
		04F79351274E586100A3D42F /* Debug */ = {
			isa = XCBuildConfiguration;
			buildSettings = {
				ALWAYS_SEARCH_USER_PATHS = NO;
				CLANG_ANALYZER_NONNULL = YES;
				CLANG_ANALYZER_NUMBER_OBJECT_CONVERSION = YES_AGGRESSIVE;
				CLANG_CXX_LANGUAGE_STANDARD = "gnu++17";
				CLANG_CXX_LIBRARY = "libc++";
				CLANG_ENABLE_MODULES = YES;
				CLANG_ENABLE_OBJC_ARC = YES;
				CLANG_ENABLE_OBJC_WEAK = YES;
				CLANG_WARN_BLOCK_CAPTURE_AUTORELEASING = YES;
				CLANG_WARN_BOOL_CONVERSION = YES;
				CLANG_WARN_COMMA = YES;
				CLANG_WARN_CONSTANT_CONVERSION = YES;
				CLANG_WARN_DEPRECATED_OBJC_IMPLEMENTATIONS = YES;
				CLANG_WARN_DIRECT_OBJC_ISA_USAGE = YES_ERROR;
				CLANG_WARN_DOCUMENTATION_COMMENTS = YES;
				CLANG_WARN_EMPTY_BODY = YES;
				CLANG_WARN_ENUM_CONVERSION = YES;
				CLANG_WARN_INFINITE_RECURSION = YES;
				CLANG_WARN_INT_CONVERSION = YES;
				CLANG_WARN_NON_LITERAL_NULL_CONVERSION = YES;
				CLANG_WARN_OBJC_IMPLICIT_RETAIN_SELF = YES;
				CLANG_WARN_OBJC_LITERAL_CONVERSION = YES;
				CLANG_WARN_OBJC_ROOT_CLASS = YES_ERROR;
				CLANG_WARN_QUOTED_INCLUDE_IN_FRAMEWORK_HEADER = YES;
				CLANG_WARN_RANGE_LOOP_ANALYSIS = YES;
				CLANG_WARN_STRICT_PROTOTYPES = YES;
				CLANG_WARN_SUSPICIOUS_MOVE = YES;
				CLANG_WARN_UNGUARDED_AVAILABILITY = YES_AGGRESSIVE;
				CLANG_WARN_UNREACHABLE_CODE = YES;
				CLANG_WARN__DUPLICATE_METHOD_MATCH = YES;
				COPY_PHASE_STRIP = NO;
				DEBUG_INFORMATION_FORMAT = dwarf;
				ENABLE_STRICT_OBJC_MSGSEND = YES;
				ENABLE_TESTABILITY = YES;
				GCC_C_LANGUAGE_STANDARD = gnu11;
				GCC_DYNAMIC_NO_PIC = NO;
				GCC_NO_COMMON_BLOCKS = YES;
				GCC_OPTIMIZATION_LEVEL = 0;
				GCC_PREPROCESSOR_DEFINITIONS = (
					"DEBUG=1",
					"$(inherited)",
				);
				GCC_WARN_64_TO_32_BIT_CONVERSION = YES;
				GCC_WARN_ABOUT_RETURN_TYPE = YES_ERROR;
				GCC_WARN_UNDECLARED_SELECTOR = YES;
				GCC_WARN_UNINITIALIZED_AUTOS = YES_AGGRESSIVE;
				GCC_WARN_UNUSED_FUNCTION = YES;
				GCC_WARN_UNUSED_VARIABLE = YES;
				MACOSX_DEPLOYMENT_TARGET = 12.0;
				MTL_ENABLE_DEBUG_INFO = INCLUDE_SOURCE;
				MTL_FAST_MATH = YES;
				ONLY_ACTIVE_ARCH = YES;
				SDKROOT = macosx;
				SWIFT_ACTIVE_COMPILATION_CONDITIONS = DEBUG;
				SWIFT_OPTIMIZATION_LEVEL = "-Onone";
			};
			name = Debug;
		};
		04F79352274E586100A3D42F /* Release */ = {
			isa = XCBuildConfiguration;
			buildSettings = {
				ALWAYS_SEARCH_USER_PATHS = NO;
				CLANG_ANALYZER_NONNULL = YES;
				CLANG_ANALYZER_NUMBER_OBJECT_CONVERSION = YES_AGGRESSIVE;
				CLANG_CXX_LANGUAGE_STANDARD = "gnu++17";
				CLANG_CXX_LIBRARY = "libc++";
				CLANG_ENABLE_MODULES = YES;
				CLANG_ENABLE_OBJC_ARC = YES;
				CLANG_ENABLE_OBJC_WEAK = YES;
				CLANG_WARN_BLOCK_CAPTURE_AUTORELEASING = YES;
				CLANG_WARN_BOOL_CONVERSION = YES;
				CLANG_WARN_COMMA = YES;
				CLANG_WARN_CONSTANT_CONVERSION = YES;
				CLANG_WARN_DEPRECATED_OBJC_IMPLEMENTATIONS = YES;
				CLANG_WARN_DIRECT_OBJC_ISA_USAGE = YES_ERROR;
				CLANG_WARN_DOCUMENTATION_COMMENTS = YES;
				CLANG_WARN_EMPTY_BODY = YES;
				CLANG_WARN_ENUM_CONVERSION = YES;
				CLANG_WARN_INFINITE_RECURSION = YES;
				CLANG_WARN_INT_CONVERSION = YES;
				CLANG_WARN_NON_LITERAL_NULL_CONVERSION = YES;
				CLANG_WARN_OBJC_IMPLICIT_RETAIN_SELF = YES;
				CLANG_WARN_OBJC_LITERAL_CONVERSION = YES;
				CLANG_WARN_OBJC_ROOT_CLASS = YES_ERROR;
				CLANG_WARN_QUOTED_INCLUDE_IN_FRAMEWORK_HEADER = YES;
				CLANG_WARN_RANGE_LOOP_ANALYSIS = YES;
				CLANG_WARN_STRICT_PROTOTYPES = YES;
				CLANG_WARN_SUSPICIOUS_MOVE = YES;
				CLANG_WARN_UNGUARDED_AVAILABILITY = YES_AGGRESSIVE;
				CLANG_WARN_UNREACHABLE_CODE = YES;
				CLANG_WARN__DUPLICATE_METHOD_MATCH = YES;
				COPY_PHASE_STRIP = NO;
				DEBUG_INFORMATION_FORMAT = "dwarf-with-dsym";
				ENABLE_NS_ASSERTIONS = NO;
				ENABLE_STRICT_OBJC_MSGSEND = YES;
				GCC_C_LANGUAGE_STANDARD = gnu11;
				GCC_NO_COMMON_BLOCKS = YES;
				GCC_WARN_64_TO_32_BIT_CONVERSION = YES;
				GCC_WARN_ABOUT_RETURN_TYPE = YES_ERROR;
				GCC_WARN_UNDECLARED_SELECTOR = YES;
				GCC_WARN_UNINITIALIZED_AUTOS = YES_AGGRESSIVE;
				GCC_WARN_UNUSED_FUNCTION = YES;
				GCC_WARN_UNUSED_VARIABLE = YES;
				MACOSX_DEPLOYMENT_TARGET = 12.0;
				MTL_ENABLE_DEBUG_INFO = NO;
				MTL_FAST_MATH = YES;
				SDKROOT = macosx;
				SWIFT_COMPILATION_MODE = wholemodule;
				SWIFT_OPTIMIZATION_LEVEL = "-O";
			};
			name = Release;
		};
		04F79354274E586100A3D42F /* Debug */ = {
			isa = XCBuildConfiguration;
			buildSettings = {
				CODE_SIGN_STYLE = Automatic;
				DEVELOPMENT_TEAM = 9WG2395BL6;
				ENABLE_HARDENED_RUNTIME = YES;
				PRODUCT_NAME = "$(TARGET_NAME)";
				SWIFT_VERSION = 5.0;
			};
			name = Debug;
		};
		04F79355274E586100A3D42F /* Release */ = {
			isa = XCBuildConfiguration;
			buildSettings = {
				CODE_SIGN_STYLE = Automatic;
				DEVELOPMENT_TEAM = 9WG2395BL6;
				ENABLE_HARDENED_RUNTIME = YES;
				PRODUCT_NAME = "$(TARGET_NAME)";
				SWIFT_VERSION = 5.0;
			};
			name = Release;
		};
/* End XCBuildConfiguration section */

/* Begin XCConfigurationList section */
		04F79347274E586100A3D42F /* Build configuration list for PBXProject "LanguageTraining" */ = {
			isa = XCConfigurationList;
			buildConfigurations = (
				04F79351274E586100A3D42F /* Debug */,
				04F79352274E586100A3D42F /* Release */,
			);
			defaultConfigurationIsVisible = 0;
			defaultConfigurationName = Release;
		};
		04F79353274E586100A3D42F /* Build configuration list for PBXNativeTarget "LanguageTraining" */ = {
			isa = XCConfigurationList;
			buildConfigurations = (
				04F79354274E586100A3D42F /* Debug */,
				04F79355274E586100A3D42F /* Release */,
			);
			defaultConfigurationIsVisible = 0;
			defaultConfigurationName = Release;
		};
/* End XCConfigurationList section */
	};
	rootObject = 04F79344274E586100A3D42F /* Project object */;
}
